
Microsoft Visual Studio Solution File, Format Version 12.00
# Visual Studio 15
VisualStudioVersion = 15.0.28307.1209
MinimumVisualStudioVersion = 10.0.40219.1
Project("{FAE04EC0-301F-11D3-BF4B-00C04F79EFBC}") = "ExerciciosSobreEstruturaCondicional8", "ExerciciosSobreEstruturaCondicional8\ExerciciosSobreEstruturaCondicional8.csproj", "{4182D21B-18CE-415E-ABEC-F6AE3350D31B}"
EndProject
Global
	GlobalSection(SolutionConfigurationPlatforms) = preSolution
		Debug|Any CPU = Debug|Any CPU
		Release|Any CPU = Release|Any CPU
	EndGlobalSection
	GlobalSection(ProjectConfigurationPlatforms) = postSolution
		{4182D21B-18CE-415E-ABEC-F6AE3350D31B}.Debug|Any CPU.ActiveCfg = Debug|Any CPU
		{4182D21B-18CE-415E-ABEC-F6AE3350D31B}.Debug|Any CPU.Build.0 = Debug|Any CPU
		{4182D21B-18CE-415E-ABEC-F6AE3350D31B}.Release|Any CPU.ActiveCfg = Release|Any CPU
		{4182D21B-18CE-415E-ABEC-F6AE3350D31B}.Release|Any CPU.Build.0 = Release|Any CPU
	EndGlobalSection
	GlobalSection(SolutionProperties) = preSolution
		HideSolutionNode = FALSE
	EndGlobalSection
	GlobalSection(ExtensibilityGlobals) = postSolution
		SolutionGuid = {91B9DF69-1EEA-4190-BC43-6787D1D57BAE}
	EndGlobalSection
EndGlobal
